
Microsoft Visual Studio Solution File, Format Version 12.00
# Visual Studio Version 17
VisualStudioVersion = 17.11.35312.102
MinimumVisualStudioVersion = 10.0.40219.1
Project("{9A19103F-16F7-4668-BE54-9A1E7A4F7556}") = "C#SyntaxRules", "1\C#SyntaxRules.csproj", "{243DBD18-AA76-4F92-A4E9-F2332CD6C632}"
EndProject
Global
	GlobalSection(SolutionConfigurationPlatforms) = preSolution
		Debug|Any CPU = Debug|Any CPU
		Release|Any CPU = Release|Any CPU
	EndGlobalSection
	GlobalSection(ProjectConfigurationPlatforms) = postSolution
		{243DBD18-AA76-4F92-A4E9-F2332CD6C632}.Debug|Any CPU.ActiveCfg = Debug|Any CPU
		{243DBD18-AA76-4F92-A4E9-F2332CD6C632}.Debug|Any CPU.Build.0 = Debug|Any CPU
		{243DBD18-AA76-4F92-A4E9-F2332CD6C632}.Release|Any CPU.ActiveCfg = Release|Any CPU
		{243DBD18-AA76-4F92-A4E9-F2332CD6C632}.Release|Any CPU.Build.0 = Release|Any CPU
	EndGlobalSection
	GlobalSection(SolutionProperties) = preSolution
		HideSolutionNode = FALSE
	EndGlobalSection
	GlobalSection(ExtensibilityGlobals) = postSolution
		SolutionGuid = {BF1B376D-7370-4872-8ADA-7F354CF163E4}
	EndGlobalSection
EndGlobal
