
Microsoft Visual Studio Solution File, Format Version 12.00
# Visual Studio Version 17
VisualStudioVersion = 17.11.35327.3
MinimumVisualStudioVersion = 10.0.40219.1
Project("{FAE04EC0-301F-11D3-BF4B-00C04F79EFBC}") = "OrnekSorular2", "OrnekSorular2.csproj", "{1A8EB7E1-3EE1-48B4-ABB8-4695AD9EFED1}"
EndProject
Global
	GlobalSection(SolutionConfigurationPlatforms) = preSolution
		Debug|Any CPU = Debug|Any CPU
		Release|Any CPU = Release|Any CPU
	EndGlobalSection
	GlobalSection(ProjectConfigurationPlatforms) = postSolution
		{1A8EB7E1-3EE1-48B4-ABB8-4695AD9EFED1}.Debug|Any CPU.ActiveCfg = Debug|Any CPU
		{1A8EB7E1-3EE1-48B4-ABB8-4695AD9EFED1}.Debug|Any CPU.Build.0 = Debug|Any CPU
		{1A8EB7E1-3EE1-48B4-ABB8-4695AD9EFED1}.Release|Any CPU.ActiveCfg = Release|Any CPU
		{1A8EB7E1-3EE1-48B4-ABB8-4695AD9EFED1}.Release|Any CPU.Build.0 = Release|Any CPU
	EndGlobalSection
	GlobalSection(SolutionProperties) = preSolution
		HideSolutionNode = FALSE
	EndGlobalSection
	GlobalSection(ExtensibilityGlobals) = postSolution
		SolutionGuid = {7F982AEB-30BD-4801-915D-53EF557D4B17}
	EndGlobalSection
EndGlobal
